
Microsoft Visual Studio Solution File, Format Version 12.00
# Visual Studio Version 17
VisualStudioVersion = 17.0.32112.339
MinimumVisualStudioVersion = 10.0.40219.1
Project("{FAE04EC0-301F-11D3-BF4B-00C04F79EFBC}") = "ProjectWFA", "ProjectWFA\ProjectWFA.csproj", "{EB698FED-7D7D-4EE4-A425-102ADBD5ECF8}"
EndProject
Global
	GlobalSection(SolutionConfigurationPlatforms) = preSolution
		Debug|Any CPU = Debug|Any CPU
		Release|Any CPU = Release|Any CPU
	EndGlobalSection
	GlobalSection(ProjectConfigurationPlatforms) = postSolution
		{EB698FED-7D7D-4EE4-A425-102ADBD5ECF8}.Debug|Any CPU.ActiveCfg = Debug|Any CPU
		{EB698FED-7D7D-4EE4-A425-102ADBD5ECF8}.Debug|Any CPU.Build.0 = Debug|Any CPU
		{EB698FED-7D7D-4EE4-A425-102ADBD5ECF8}.Release|Any CPU.ActiveCfg = Release|Any CPU
		{EB698FED-7D7D-4EE4-A425-102ADBD5ECF8}.Release|Any CPU.Build.0 = Release|Any CPU
	EndGlobalSection
	GlobalSection(SolutionProperties) = preSolution
		HideSolutionNode = FALSE
	EndGlobalSection
	GlobalSection(ExtensibilityGlobals) = postSolution
		SolutionGuid = {37E4EDE1-3E5D-45A1-B752-0588279D2BCA}
	EndGlobalSection
EndGlobal
